
Microsoft Visual Studio Solution File, Format Version 12.00
# Visual Studio Version 17
VisualStudioVersion = 17.4.33110.190
MinimumVisualStudioVersion = 10.0.40219.1
Project("{FAE04EC0-301F-11D3-BF4B-00C04F79EFBC}") = "AsmxWebServicesExample", "AsmxWebServicesExample\AsmxWebServicesExample.csproj", "{84A9A0CE-40E1-4D98-8132-D4CEE69C9159}"
EndProject
Global
	GlobalSection(SolutionConfigurationPlatforms) = preSolution
		Debug|Any CPU = Debug|Any CPU
		Release|Any CPU = Release|Any CPU
	EndGlobalSection
	GlobalSection(ProjectConfigurationPlatforms) = postSolution
		{84A9A0CE-40E1-4D98-8132-D4CEE69C9159}.Debug|Any CPU.ActiveCfg = Debug|Any CPU
		{84A9A0CE-40E1-4D98-8132-D4CEE69C9159}.Debug|Any CPU.Build.0 = Debug|Any CPU
		{84A9A0CE-40E1-4D98-8132-D4CEE69C9159}.Release|Any CPU.ActiveCfg = Release|Any CPU
		{84A9A0CE-40E1-4D98-8132-D4CEE69C9159}.Release|Any CPU.Build.0 = Release|Any CPU
	EndGlobalSection
	GlobalSection(SolutionProperties) = preSolution
		HideSolutionNode = FALSE
	EndGlobalSection
	GlobalSection(ExtensibilityGlobals) = postSolution
		SolutionGuid = {9E988EA1-93A8-406D-9D53-90C04A369313}
	EndGlobalSection
EndGlobal
