
Microsoft Visual Studio Solution File, Format Version 12.00
# Visual Studio Version 17
VisualStudioVersion = 17.4.33110.190
MinimumVisualStudioVersion = 10.0.40219.1
Project("{FAE04EC0-301F-11D3-BF4B-00C04F79EFBC}") = "AsmxWebServicesExample", "AsmxWebServicesExample\AsmxWebServicesExample.csproj", "{84A9A0CE-40E1-4D98-8132-D4CEE69C9159}"
EndProject
Project("{FAE04EC0-301F-11D3-BF4B-00C04F79EFBC}") = "WebApplications", "WebApplications\WebApplications.csproj", "{A778B7FC-025B-40CB-B687-2917998AA327}"
	ProjectSection(ProjectDependencies) = postProject
		{84A9A0CE-40E1-4D98-8132-D4CEE69C9159} = {84A9A0CE-40E1-4D98-8132-D4CEE69C9159}
	EndProjectSection
EndProject
Project("{FAE04EC0-301F-11D3-BF4B-00C04F79EFBC}") = "RemotingServicesExample", "RemotingServicesExample\RemotingServicesExample.csproj", "{0596606B-01F5-4D73-A84F-08DF044694B7}"
EndProject
Project("{FAE04EC0-301F-11D3-BF4B-00C04F79EFBC}") = "RemotingServiceHost", "RemotingServiceHost\RemotingServiceHost.csproj", "{92FCFF88-885F-44BD-8034-FB6E795E08CD}"
EndProject
Project("{FAE04EC0-301F-11D3-BF4B-00C04F79EFBC}") = "RemotingServiceClient", "RemotingServiceClient\RemotingServiceClient.csproj", "{982D7558-687D-4F30-80F6-29A072A7EAE4}"
EndProject
Project("{FAE04EC0-301F-11D3-BF4B-00C04F79EFBC}") = "WCFServiceExample", "WCFServiceExample\WCFServiceExample.csproj", "{24B454BC-A9A5-437D-BAC5-2819804B870D}"
EndProject
Project("{FAE04EC0-301F-11D3-BF4B-00C04F79EFBC}") = "WCFServiceHost", "WCFServiceHost\WCFServiceHost.csproj", "{C552F6E2-E8B2-40F4-A1EB-150B41A439E0}"
EndProject
Project("{FAE04EC0-301F-11D3-BF4B-00C04F79EFBC}") = "WCFWebClient", "WCFWebClient\WCFWebClient.csproj", "{04C93E05-3F18-4489-866E-D3F9EAC10997}"
EndProject
Global
	GlobalSection(SolutionConfigurationPlatforms) = preSolution
		Debug|Any CPU = Debug|Any CPU
		Release|Any CPU = Release|Any CPU
	EndGlobalSection
	GlobalSection(ProjectConfigurationPlatforms) = postSolution
		{84A9A0CE-40E1-4D98-8132-D4CEE69C9159}.Debug|Any CPU.ActiveCfg = Debug|Any CPU
		{84A9A0CE-40E1-4D98-8132-D4CEE69C9159}.Debug|Any CPU.Build.0 = Debug|Any CPU
		{84A9A0CE-40E1-4D98-8132-D4CEE69C9159}.Release|Any CPU.ActiveCfg = Release|Any CPU
		{84A9A0CE-40E1-4D98-8132-D4CEE69C9159}.Release|Any CPU.Build.0 = Release|Any CPU
		{A778B7FC-025B-40CB-B687-2917998AA327}.Debug|Any CPU.ActiveCfg = Debug|Any CPU
		{A778B7FC-025B-40CB-B687-2917998AA327}.Debug|Any CPU.Build.0 = Debug|Any CPU
		{A778B7FC-025B-40CB-B687-2917998AA327}.Release|Any CPU.ActiveCfg = Release|Any CPU
		{A778B7FC-025B-40CB-B687-2917998AA327}.Release|Any CPU.Build.0 = Release|Any CPU
		{0596606B-01F5-4D73-A84F-08DF044694B7}.Debug|Any CPU.ActiveCfg = Debug|Any CPU
		{0596606B-01F5-4D73-A84F-08DF044694B7}.Debug|Any CPU.Build.0 = Debug|Any CPU
		{0596606B-01F5-4D73-A84F-08DF044694B7}.Release|Any CPU.ActiveCfg = Release|Any CPU
		{0596606B-01F5-4D73-A84F-08DF044694B7}.Release|Any CPU.Build.0 = Release|Any CPU
		{92FCFF88-885F-44BD-8034-FB6E795E08CD}.Debug|Any CPU.ActiveCfg = Debug|Any CPU
		{92FCFF88-885F-44BD-8034-FB6E795E08CD}.Debug|Any CPU.Build.0 = Debug|Any CPU
		{92FCFF88-885F-44BD-8034-FB6E795E08CD}.Release|Any CPU.ActiveCfg = Release|Any CPU
		{92FCFF88-885F-44BD-8034-FB6E795E08CD}.Release|Any CPU.Build.0 = Release|Any CPU
		{982D7558-687D-4F30-80F6-29A072A7EAE4}.Debug|Any CPU.ActiveCfg = Debug|Any CPU
		{982D7558-687D-4F30-80F6-29A072A7EAE4}.Debug|Any CPU.Build.0 = Debug|Any CPU
		{982D7558-687D-4F30-80F6-29A072A7EAE4}.Release|Any CPU.ActiveCfg = Release|Any CPU
		{982D7558-687D-4F30-80F6-29A072A7EAE4}.Release|Any CPU.Build.0 = Release|Any CPU
		{24B454BC-A9A5-437D-BAC5-2819804B870D}.Debug|Any CPU.ActiveCfg = Debug|Any CPU
		{24B454BC-A9A5-437D-BAC5-2819804B870D}.Debug|Any CPU.Build.0 = Debug|Any CPU
		{24B454BC-A9A5-437D-BAC5-2819804B870D}.Release|Any CPU.ActiveCfg = Release|Any CPU
		{24B454BC-A9A5-437D-BAC5-2819804B870D}.Release|Any CPU.Build.0 = Release|Any CPU
		{C552F6E2-E8B2-40F4-A1EB-150B41A439E0}.Debug|Any CPU.ActiveCfg = Debug|Any CPU
		{C552F6E2-E8B2-40F4-A1EB-150B41A439E0}.Debug|Any CPU.Build.0 = Debug|Any CPU
		{C552F6E2-E8B2-40F4-A1EB-150B41A439E0}.Release|Any CPU.ActiveCfg = Release|Any CPU
		{C552F6E2-E8B2-40F4-A1EB-150B41A439E0}.Release|Any CPU.Build.0 = Release|Any CPU
		{04C93E05-3F18-4489-866E-D3F9EAC10997}.Debug|Any CPU.ActiveCfg = Debug|Any CPU
		{04C93E05-3F18-4489-866E-D3F9EAC10997}.Debug|Any CPU.Build.0 = Debug|Any CPU
		{04C93E05-3F18-4489-866E-D3F9EAC10997}.Release|Any CPU.ActiveCfg = Release|Any CPU
		{04C93E05-3F18-4489-866E-D3F9EAC10997}.Release|Any CPU.Build.0 = Release|Any CPU
	EndGlobalSection
	GlobalSection(SolutionProperties) = preSolution
		HideSolutionNode = FALSE
	EndGlobalSection
	GlobalSection(ExtensibilityGlobals) = postSolution
		SolutionGuid = {9E988EA1-93A8-406D-9D53-90C04A369313}
	EndGlobalSection
EndGlobal
